
Microsoft Visual Studio Solution File, Format Version 12.00
# Visual Studio Version 17
VisualStudioVersion = 17.14.37628.2 d17.14
MinimumVisualStudioVersion = 10.0.40219.1
Project("{FAE04EC0-301F-11D3-BF4B-00C04F79EFBC}") = "FactoryApi", "FactoryApi.csproj", "{0EBE8FA6-55C2-4762-A26F-52B99E5C2394}"
EndProject
Project("{FAE04EC0-301F-11D3-BF4B-00C04F79EFBC}") = "FactoryClient", "..\FactoryClient\FactoryClient.csproj", "{6D0CC4EE-27E3-40DC-A5E2-5B7CA64D4AB6}"
EndProject
Global
	GlobalSection(SolutionConfigurationPlatforms) = preSolution
		Debug|Any CPU = Debug|Any CPU
		Release|Any CPU = Release|Any CPU
	EndGlobalSection
	GlobalSection(ProjectConfigurationPlatforms) = postSolution
		{0EBE8FA6-55C2-4762-A26F-52B99E5C2394}.Debug|Any CPU.ActiveCfg = Debug|Any CPU
		{0EBE8FA6-55C2-4762-A26F-52B99E5C2394}.Debug|Any CPU.Build.0 = Debug|Any CPU
		{0EBE8FA6-55C2-4762-A26F-52B99E5C2394}.Release|Any CPU.ActiveCfg = Release|Any CPU
		{0EBE8FA6-55C2-4762-A26F-52B99E5C2394}.Release|Any CPU.Build.0 = Release|Any CPU
		{6D0CC4EE-27E3-40DC-A5E2-5B7CA64D4AB6}.Debug|Any CPU.ActiveCfg = Debug|Any CPU
		{6D0CC4EE-27E3-40DC-A5E2-5B7CA64D4AB6}.Debug|Any CPU.Build.0 = Debug|Any CPU
		{6D0CC4EE-27E3-40DC-A5E2-5B7CA64D4AB6}.Release|Any CPU.ActiveCfg = Release|Any CPU
		{6D0CC4EE-27E3-40DC-A5E2-5B7CA64D4AB6}.Release|Any CPU.Build.0 = Release|Any CPU
	EndGlobalSection
	GlobalSection(SolutionProperties) = preSolution
		HideSolutionNode = FALSE
	EndGlobalSection
	GlobalSection(ExtensibilityGlobals) = postSolution
		SolutionGuid = {5996C412-306C-41CB-81EA-DF8FA855EB73}
	EndGlobalSection
EndGlobal
